github.com/AndreasBriese/bbloom v0.0.0-20190306092124-e2d15f34fcf9/go.mod h1:bOvUY6CB00SOBii9/FifXqc0awNKxLFCL/+pkDPuyl8=
github.com/cavaliercoder/grab v2.0.0+incompatible h1:wZHbBQx56+Yxjx2TCGDcenhh3cJn7cCLMfkEPmySTSE=
github.com/cavaliercoder/grab v2.0.0+incompatible/go.mod h1:tTBkfNqSBfuMmMBFaO2phgyhdYhiZQ/+iXCZDzcDsMI=
github.com/davecgh/go-spew v1.1.0/go.mod h1:J7Y8YcW2NihsgmVo/mv3lAwl/skON4iLHjSsI+c5H38=
github.com/dgraph-io/badger v1.5.4/go.mod h1:VZxzAIRPHRVNRKRo6AXrX9BJegn6il06VMTZVJYCIjQ=
github.com/dgryski/go-farm v0.0.0-20190423205320-6a90982ecee2/go.mod h1:SqUrOPUnsFjfmXRMNPybcSiG0BgUW2AuFH8PAnS2iTw=
github.com/golang-commonmark/html v0.0.0-20180910111043-7d7c804e1d46 h1:FeNEDxIy7XouGTJKiJ9Ze5vUbcAIW/FRhQbtKBNmEz8=
github.com/golang-commonmark/html v0.0.0-20180910111043-7d7c804e1d46/go.mod h1:LVbxopYhspqklDpfaS/qDc6HhWwkpF1ptTj3vMFRoSQ=
github.com/golang-commonmark/linkify v0.0.0-20180910111149-f05efb453a0e h1:TkuRzcq232K5ytXtQ+BPicsjYWZgt/lS6gJ5HqcUifQ=
github.com/golang-commonmark/linkify v0.0.0-20180910111149-f05efb453a0e/go.mod h1:LeGY+WmPag1dlC0xKy+xYXommuQLX0O9gGXOP8SdBmY=
github.com/golang-commonmark/markdown v0.0.0-20180910011815-a8f139058164 h1:YaQaotRjMcVth1VzHUEQlD2oeyQAglA7CXdxp9QLvKM=
github.com/golang-commonmark/markdown v0.0.0-20180910011815-a8f139058164/go.mod h1:TRHkBtRpQJqTtJnCqhNU5oPkZw5pMr8Ac6DHndXYd5k=
github.com/golang-commonmark/mdurl v0.0.0-20180910110917-8d018c6567d6 h1:XkgfhPs5AotQfcu3EfDEjyAUx91KdtjrxHXYGnZJhoU=
github.com/golang-commonmark/mdurl v0.0.0-20180910110917-8d018c6567d6/go.mod h1:J66ZGl/dC2mj4ElzGfrLUq0N90HvQoUbrYgYNJUjuMs=
github.com/golang-commonmark/puny v0.0.0-20180910110745-050be392d8b8 h1:DUgQdQmDg4sk4SfNR+qOkXcopGz36BL02vp/V7WbPQI=
github.com/golang-commonmark/puny v0.0.0-20180910110745-050be392d8b8/go.mod h1:/8a6mcbf/Hwg6MjnHHp5vqCWw0Bsves9HLPObHAj7XA=
github.com/golang/protobuf v1.3.1/go.mod h1:6lQm79b+lXiMfvg/cZm0SGofjICqVBUtrP5yJMmIC1U=
github.com/google/go-querystring v1.0.0/go.mod h1:odCYkC5MyYFN7vkCjXpyrEuKhc/BUO6wN/zVPAxq5ck=
github.com/mattn/go-sqlite3 v1.10.0/go.mod h1:FPy6KqzDD04eiIsT53CuJW3U88zkxoIYsOqkbpncsNc=
github.com/opennota/wd v0.0.0-20180911144301-b446539ab1e7 h1:cVQhwfBgiKTMAdYPbVeuIiTkdY59qZ3sp5RpyO8CNtg=
github.com/opennota/wd v0.0.0-20180911144301-b446539ab1e7/go.mod h1:CS6cd3lWylVJV6EWs4Q/lkDEVGQOrEbBdwCowzzkN6A=
github.com/pkg/errors v0.8.1/go.mod h1:bwawxfHBFNV+L2hUp1rHADufV3IMtnDRdf1r5NINEl0=
github.com/pmezard/go-difflib v1.0.0/go.mod h1:iKH77koFhYxTK1pcRnkKkqfTogsbg7gZNVY4sRDYZ/4=
github.com/russross/blackfriday v2.0.0+incompatible h1:cBXrhZNUf9C+La9/YpS+UHpUT8YD6Td9ZMSU9APFcsk=
github.com/russross/blackfriday v2.0.0+incompatible/go.mod h1:JO/DiYxRf+HjHt06OyowR9PTA263kcR/rfWxYHBV53g=
github.com/ryanjyoder/couchdb v2.0.0+incompatible/go.mod h1:W54ID2JJ81YynSjCHRT2BO3kOOSOMmxaVbGanX8IL4U=
github.com/ryanjyoder/sofp v0.0.0-20190612032325-8110f1afea7f h1:N3mAml0jPvLUvMhuXAxN/N5ETcYbwSTewYJUWeNUDOw=
github.com/ryanjyoder/sofp v0.0.0-20190612032325-8110f1afea7f/go.mod h1:jyoQFpid2WCe0U2HmZJbF0xkAGHCZ2/hVZjZ8dXBkS8=
github.com/ryanjyoder/sofp v0.0.0-20190617014456-f64d7998f457 h1:A5VIu+oBrGfzmz5xEkgl7FQsJu5qwT0pCb/AxcLcFuQ=
github.com/ryanjyoder/sofp v0.0.0-20190617014456-f64d7998f457/go.mod h1:jyoQFpid2WCe0U2HmZJbF0xkAGHCZ2/hVZjZ8dXBkS8=
github.com/ryanjyoder/sofp v0.0.0-20190617014705-e8e9cb78d4cf h1:SE/P4I/pPhfIqA6mclZrb/GY+yBFVzmWVysVaWey+Wg=
github.com/ryanjyoder/sofp v0.0.0-20190617014705-e8e9cb78d4cf/go.mod h1:jyoQFpid2WCe0U2HmZJbF0xkAGHCZ2/hVZjZ8dXBkS8=
github.com/ryanjyoder/sofp v0.0.0-20190617015344-35febb58f1eb h1:n8Ma6bHx9JvAAX75mdudYT1CC9pQNjbz5jRyOfOE8hQ=
github.com/ryanjyoder/sofp v0.0.0-20190617015344-35febb58f1eb/go.mod h1:jyoQFpid2WCe0U2HmZJbF0xkAGHCZ2/hVZjZ8dXBkS8=
github.com/ryanjyoder/sofp v0.0.0-20190617020308-7abdad76ad75 h1:oaYsmYybUIJf/M3RXjqX0OBFAxVmJX1KutM+HbCjOcM=
github.com/ryanjyoder/sofp v0.0.0-20190617020308-7abdad76ad75/go.mod h1:jyoQFpid2WCe0U2HmZJbF0xkAGHCZ2/hVZjZ8dXBkS8=
github.com/ryanjyoder/sofp v0.0.0-20190617025107-eac522f4e050 h1:owsDgvQR9ETcY8bkc2f5Do9LVVcdTWcz4Hum5HLy16Q=
github.com/ryanjyoder/sofp v0.0.0-20190617025107-eac522f4e050/go.mod h1:jyoQFpid2WCe0U2HmZJbF0xkAGHCZ2/hVZjZ8dXBkS8=
github.com/ryanjyoder/sofp v0.0.0-20190617041340-68c092e4f118 h1:l/6Rmlm5Qss4H1DlHUk1st5UdcdTCV6lPg43aVXokdU=
github.com/ryanjyoder/sofp v0.0.0-20190617041340-68c092e4f118/go.mod h1:Fx7EgVavULde52pSfnGhdfanxaXUCxCTdZ4mz2WVD00=
github.com/segmentio/pointer v0.0.0-20160608003038-39719d2ea756/go.mod h1:+4DA5YbNGo85y02v8eKi+5jRkcbjNActTs6jzkb3pMY=
github.com/shurcooL/sanitized_anchor_name v1.0.0 h1:PdmoCO6wvbs+7yrJyMORt4/BmY5IYyJwS/kOiWx8mHo=
github.com/shurcooL/sanitized_anchor_name v1.0.0/go.mod h1:1NzhyTcUVG4SuEtjjoZeVRXNmyL/1OwPU0+IJeTBvfc=
github.com/stretchr/objx v0.1.0/go.mod h1:HFkY916IF+rwdDfMAkV7OtwuqBVzrE8GR6GFx+wExME=
github.com/stretchr/testify v1.3.0/go.mod h1:M5WIy9Dh21IEIfnGCwXGc5bZfKNJtfHm1UVUgZn+9EI=
github.com/zemirco/uid v0.0.0-20160129141151-3763f3c45832/go.mod h1:F5gG5+oHA+576dKL4mEf0NxBfMjf/yNNV6lVAC85Y8U=
golang.org/x/crypto v0.0.0-20190308221718-c2843e01d9a2/go.mod h1:djNgcEr1/C05ACkg1iLfiJU5Ep61QUkGW8qpdssI0+w=
golang.org/x/net v0.0.0-20190603091049-60506f45cf65/go.mod h1:HSz+uSET+XFnRR8LxR5pz3Of3rY3CfYBVs4xY44aLks=
golang.org/x/sync v0.0.0-20190423024810-112230192c58 h1:8gQV6CLnAEikrhgkHFbMAEhagSSnXWGV915qUMm9mrU=
golang.org/x/sync v0.0.0-20190423024810-112230192c58/go.mod h1:RxMgew5VJxzue5/jJTE5uejpjVlOe/izrB70Jof72aM=
golang.org/x/sys v0.0.0-20190215142949-d0b11bdaac8a/go.mod h1:STP8DvDyc/dI5b8T5hshtkjS+E42TnysNCUPdjciGhY=
golang.org/x/sys v0.0.0-20190602015325-4c4f7f33c9ed/go.mod h1:h1NjWce9XRLGQEsW7wpKNCjG9DtNlClVuFLEZdDNbEs=
golang.org/x/text v0.3.0/go.mod h1:NqM8EUOU14njkJ3fqMW+pc6Ldnwhi/IjpwHt7yyuwOQ=
